{
  "name": "web-snap",
  "version": "0.1",
  "lockfileVersion": 2,
  "requires": true,
  "packages": {
    "": {
      "name": "web-snap",
      "version": "0.1",
      "license": "MIT",
      "dependencies": {
        "mri": "1.2.0",
        "playwright": "1.24.0"
      }
    },
    "node_modules/mri": {
      "version": "1.2.0",
      "resolved": "https://registry.npmjs.org/mri/-/mri-1.2.0.tgz",
      "integrity": "sha512-tzzskb3bG8LvYGFF/mDTpq3jpI6Q9wc3LEmBaghu+DdCssd1FakN7Bc0hVNmEyGq1bq3RgfkCb3cmQLpNPOroA==",
      "engines": {
        "node": ">=4"
      }
    },
    "node_modules/playwright": {
      "version": "1.24.0",
      "resolved": "https://registry.npmjs.org/playwright/-/playwright-1.24.0.tgz",
      "integrity": "sha512-oA9HzuYhskm9iEm9DeiWoLuJps+yzZ35zwR0EHhGFUd9ikUVMN5NqNAORvq+JesgoMlEu4IUdKK9jigFWm7olA==",
      "hasInstallScript": true,
      "dependencies": {
        "playwright-core": "1.24.0"
      },
      "bin": {
        "playwright": "cli.js"
      },
      "engines": {
        "node": ">=14"
      }
    },
    "node_modules/playwright-core": {
      "version": "1.24.0",
      "resolved": "https://registry.npmjs.org/playwright-core/-/playwright-core-1.24.0.tgz",
      "integrity": "sha512-BkDWdVsoEEC8m2glQlfNu1EN2qvjBsLIg5bD0wjrfwv9zVHktIsp80yYFObAcWreLNYhfRP4PlXE04lr5R4DFQ==",
      "bin": {
        "playwright": "cli.js"
      },
      "engines": {
        "node": ">=14"
      }
    }
  },
  "dependencies": {
    "mri": {
      "version": "1.2.0",
      "resolved": "https://registry.npmjs.org/mri/-/mri-1.2.0.tgz",
      "integrity": "sha512-tzzskb3bG8LvYGFF/mDTpq3jpI6Q9wc3LEmBaghu+DdCssd1FakN7Bc0hVNmEyGq1bq3RgfkCb3cmQLpNPOroA=="
    },
    "playwright": {
      "version": "1.24.0",
      "resolved": "https://registry.npmjs.org/playwright/-/playwright-1.24.0.tgz",
      "integrity": "sha512-oA9HzuYhskm9iEm9DeiWoLuJps+yzZ35zwR0EHhGFUd9ikUVMN5NqNAORvq+JesgoMlEu4IUdKK9jigFWm7olA==",
      "requires": {
        "playwright-core": "1.24.0"
      }
    },
    "playwright-core": {
      "version": "1.24.0",
      "resolved": "https://registry.npmjs.org/playwright-core/-/playwright-core-1.24.0.tgz",
      "integrity": "sha512-BkDWdVsoEEC8m2glQlfNu1EN2qvjBsLIg5bD0wjrfwv9zVHktIsp80yYFObAcWreLNYhfRP4PlXE04lr5R4DFQ=="
    }
  }
}
